
Microsoft Visual Studio Solution File, Format Version 12.00
# Visual Studio Version 16
VisualStudioVersion = 16.0.30128.74
MinimumVisualStudioVersion = 10.0.40219.1
Project("{9A19103F-16F7-4668-BE54-9A1E7A4F7556}") = "Commander", "Commander.csproj", "{09CD4E05-AD0D-45F0-A682-AF7B1AB58E93}"
EndProject
Global
	GlobalSection(SolutionConfigurationPlatforms) = preSolution
		Debug|Any CPU = Debug|Any CPU
		Release|Any CPU = Release|Any CPU
	EndGlobalSection
	GlobalSection(ProjectConfigurationPlatforms) = postSolution
		{09CD4E05-AD0D-45F0-A682-AF7B1AB58E93}.Debug|Any CPU.ActiveCfg = Debug|Any CPU
		{09CD4E05-AD0D-45F0-A682-AF7B1AB58E93}.Debug|Any CPU.Build.0 = Debug|Any CPU
		{09CD4E05-AD0D-45F0-A682-AF7B1AB58E93}.Release|Any CPU.ActiveCfg = Release|Any CPU
		{09CD4E05-AD0D-45F0-A682-AF7B1AB58E93}.Release|Any CPU.Build.0 = Release|Any CPU
	EndGlobalSection
	GlobalSection(SolutionProperties) = preSolution
		HideSolutionNode = FALSE
	EndGlobalSection
	GlobalSection(ExtensibilityGlobals) = postSolution
		SolutionGuid = {B26E7BFF-C1DD-45C0-B7DE-362F5D12C464}
	EndGlobalSection
EndGlobal
